
Microsoft Visual Studio Solution File, Format Version 12.00
Project("{F2A71F9B-5D33-465A-A702-920D77279786}") = "one", "one\one.fsproj", "{323824D9-4A69-416E-A480-BC8519D9958A}"
EndProject
Project("{F2A71F9B-5D33-465A-A702-920D77279786}") = "DescriptiveStatistics", "DescriptiveStatistics\DescriptiveStatistics.fsproj", "{F43D04DA-D44F-4C44-9189-9A75581CA57B}"
EndProject
Project("{F2A71F9B-5D33-465A-A702-920D77279786}") = "Graphic2", "Graphic2\Graphic2.fsproj", "{AB209E00-276B-4914-96AE-932055506A36}"
EndProject
Global
	GlobalSection(SolutionConfigurationPlatforms) = preSolution
		Debug|Any CPU = Debug|Any CPU
		Release|Any CPU = Release|Any CPU
	EndGlobalSection
	GlobalSection(ProjectConfigurationPlatforms) = postSolution
		{323824D9-4A69-416E-A480-BC8519D9958A}.Debug|Any CPU.ActiveCfg = Debug|Any CPU
		{323824D9-4A69-416E-A480-BC8519D9958A}.Debug|Any CPU.Build.0 = Debug|Any CPU
		{323824D9-4A69-416E-A480-BC8519D9958A}.Release|Any CPU.ActiveCfg = Release|Any CPU
		{323824D9-4A69-416E-A480-BC8519D9958A}.Release|Any CPU.Build.0 = Release|Any CPU
		{F43D04DA-D44F-4C44-9189-9A75581CA57B}.Debug|Any CPU.ActiveCfg = Debug|Any CPU
		{F43D04DA-D44F-4C44-9189-9A75581CA57B}.Debug|Any CPU.Build.0 = Debug|Any CPU
		{F43D04DA-D44F-4C44-9189-9A75581CA57B}.Release|Any CPU.ActiveCfg = Release|Any CPU
		{F43D04DA-D44F-4C44-9189-9A75581CA57B}.Release|Any CPU.Build.0 = Release|Any CPU
		{AB209E00-276B-4914-96AE-932055506A36}.Debug|Any CPU.ActiveCfg = Debug|Any CPU
		{AB209E00-276B-4914-96AE-932055506A36}.Debug|Any CPU.Build.0 = Debug|Any CPU
		{AB209E00-276B-4914-96AE-932055506A36}.Release|Any CPU.ActiveCfg = Release|Any CPU
		{AB209E00-276B-4914-96AE-932055506A36}.Release|Any CPU.Build.0 = Release|Any CPU
	EndGlobalSection
EndGlobal
